
Microsoft Visual Studio Solution File, Format Version 12.00
# Visual Studio 15
VisualStudioVersion = 15.0.28307.329
MinimumVisualStudioVersion = 10.0.40219.1
Project("{8BC9CEB8-8B4A-11D0-8D11-00A0C91BC942}") = "nsg_disk_search", "vcproj\nsg\nsg.vcxproj", "{E2B234D7-0EB1-4F35-B2D4-C313A20941C8}"
EndProject
Project("{8BC9CEB8-8B4A-11D0-8D11-00A0C91BC942}") = "test_recall", "vcproj\test_recall\test_recall.vcxproj", "{C639031F-E693-4ED7-AAC6-CDA29388A16F}"
EndProject
Project("{8BC9CEB8-8B4A-11D0-8D11-00A0C91BC942}") = "opt_disk_graph", "vcproj\opt_disk_graph\opt_disk_graph.vcxproj", "{2555E3E3-8941-4AA2-985A-6687F0330E72}"
EndProject
Project("{8BC9CEB8-8B4A-11D0-8D11-00A0C91BC942}") = "nsg_sweep_index", "vcproj\nsg_sweep_index\nsg_sweep_index.vcxproj", "{CB7C582A-6970-4732-BFFB-2F21D1C8466B}"
EndProject
Project("{8BC9CEB8-8B4A-11D0-8D11-00A0C91BC942}") = "test_nsg_search", "vcproj\test_nsg_search\test_nsg_search.vcxproj", "{4AE79A24-FAD6-436C-945E-4AE8A9A93612}"
EndProject
Project("{8BC9CEB8-8B4A-11D0-8D11-00A0C91BC942}") = "nsg_server", "vcproj\nsg_server\nsg_server.vcxproj", "{69892E16-4C29-48F8-A111-CFF35662159C}"
EndProject
Project("{8BC9CEB8-8B4A-11D0-8D11-00A0C91BC942}") = "nsg_webclient", "vcproj\nsg_webclient\nsg_webclient.vcxproj", "{4E09D3D7-189D-47D6-920E-833E9AE794E8}"
EndProject
Project("{8BC9CEB8-8B4A-11D0-8D11-00A0C91BC942}") = "nsg_dll", "vcproj\nsg_dll\nsg_dll.vcxproj", "{9B7BF292-F0D7-41D9-9BFD-EECD18C0B48B}"
EndProject
Project("{8BC9CEB8-8B4A-11D0-8D11-00A0C91BC942}") = "test_nsg_dll", "vcproj\test_nsg_dll\test_nsg_dll.vcxproj", "{FA1ECBFE-B257-4B5D-9F80-AEB107AC57BE}"
EndProject
Global
	GlobalSection(SolutionConfigurationPlatforms) = preSolution
		Debug|x64 = Debug|x64
		Debug|x86 = Debug|x86
		Release|x64 = Release|x64
		Release|x86 = Release|x86
	EndGlobalSection
	GlobalSection(ProjectConfigurationPlatforms) = postSolution
		{E2B234D7-0EB1-4F35-B2D4-C313A20941C8}.Debug|x64.ActiveCfg = Debug|x64
		{E2B234D7-0EB1-4F35-B2D4-C313A20941C8}.Debug|x64.Build.0 = Debug|x64
		{E2B234D7-0EB1-4F35-B2D4-C313A20941C8}.Debug|x86.ActiveCfg = Debug|Win32
		{E2B234D7-0EB1-4F35-B2D4-C313A20941C8}.Debug|x86.Build.0 = Debug|Win32
		{E2B234D7-0EB1-4F35-B2D4-C313A20941C8}.Release|x64.ActiveCfg = Release|x64
		{E2B234D7-0EB1-4F35-B2D4-C313A20941C8}.Release|x64.Build.0 = Release|x64
		{E2B234D7-0EB1-4F35-B2D4-C313A20941C8}.Release|x86.ActiveCfg = Release|Win32
		{E2B234D7-0EB1-4F35-B2D4-C313A20941C8}.Release|x86.Build.0 = Release|Win32
		{C639031F-E693-4ED7-AAC6-CDA29388A16F}.Debug|x64.ActiveCfg = Debug|x64
		{C639031F-E693-4ED7-AAC6-CDA29388A16F}.Debug|x64.Build.0 = Debug|x64
		{C639031F-E693-4ED7-AAC6-CDA29388A16F}.Debug|x86.ActiveCfg = Debug|Win32
		{C639031F-E693-4ED7-AAC6-CDA29388A16F}.Debug|x86.Build.0 = Debug|Win32
		{C639031F-E693-4ED7-AAC6-CDA29388A16F}.Release|x64.ActiveCfg = Release|x64
		{C639031F-E693-4ED7-AAC6-CDA29388A16F}.Release|x64.Build.0 = Release|x64
		{C639031F-E693-4ED7-AAC6-CDA29388A16F}.Release|x86.ActiveCfg = Release|Win32
		{C639031F-E693-4ED7-AAC6-CDA29388A16F}.Release|x86.Build.0 = Release|Win32
		{2555E3E3-8941-4AA2-985A-6687F0330E72}.Debug|x64.ActiveCfg = Debug|x64
		{2555E3E3-8941-4AA2-985A-6687F0330E72}.Debug|x64.Build.0 = Debug|x64
		{2555E3E3-8941-4AA2-985A-6687F0330E72}.Debug|x86.ActiveCfg = Debug|Win32
		{2555E3E3-8941-4AA2-985A-6687F0330E72}.Debug|x86.Build.0 = Debug|Win32
		{2555E3E3-8941-4AA2-985A-6687F0330E72}.Release|x64.ActiveCfg = Release|x64
		{2555E3E3-8941-4AA2-985A-6687F0330E72}.Release|x64.Build.0 = Release|x64
		{2555E3E3-8941-4AA2-985A-6687F0330E72}.Release|x86.ActiveCfg = Release|Win32
		{2555E3E3-8941-4AA2-985A-6687F0330E72}.Release|x86.Build.0 = Release|Win32
		{CB7C582A-6970-4732-BFFB-2F21D1C8466B}.Debug|x64.ActiveCfg = Debug|x64
		{CB7C582A-6970-4732-BFFB-2F21D1C8466B}.Debug|x64.Build.0 = Debug|x64
		{CB7C582A-6970-4732-BFFB-2F21D1C8466B}.Debug|x86.ActiveCfg = Debug|Win32
		{CB7C582A-6970-4732-BFFB-2F21D1C8466B}.Debug|x86.Build.0 = Debug|Win32
		{CB7C582A-6970-4732-BFFB-2F21D1C8466B}.Release|x64.ActiveCfg = Release|x64
		{CB7C582A-6970-4732-BFFB-2F21D1C8466B}.Release|x64.Build.0 = Release|x64
		{CB7C582A-6970-4732-BFFB-2F21D1C8466B}.Release|x86.ActiveCfg = Release|Win32
		{CB7C582A-6970-4732-BFFB-2F21D1C8466B}.Release|x86.Build.0 = Release|Win32
		{4AE79A24-FAD6-436C-945E-4AE8A9A93612}.Debug|x64.ActiveCfg = Debug|x64
		{4AE79A24-FAD6-436C-945E-4AE8A9A93612}.Debug|x64.Build.0 = Debug|x64
		{4AE79A24-FAD6-436C-945E-4AE8A9A93612}.Debug|x86.ActiveCfg = Debug|Win32
		{4AE79A24-FAD6-436C-945E-4AE8A9A93612}.Debug|x86.Build.0 = Debug|Win32
		{4AE79A24-FAD6-436C-945E-4AE8A9A93612}.Release|x64.ActiveCfg = Release|x64
		{4AE79A24-FAD6-436C-945E-4AE8A9A93612}.Release|x64.Build.0 = Release|x64
		{4AE79A24-FAD6-436C-945E-4AE8A9A93612}.Release|x86.ActiveCfg = Release|Win32
		{4AE79A24-FAD6-436C-945E-4AE8A9A93612}.Release|x86.Build.0 = Release|Win32
		{69892E16-4C29-48F8-A111-CFF35662159C}.Debug|x64.ActiveCfg = Debug|x64
		{69892E16-4C29-48F8-A111-CFF35662159C}.Debug|x64.Build.0 = Debug|x64
		{69892E16-4C29-48F8-A111-CFF35662159C}.Debug|x86.ActiveCfg = Debug|Win32
		{69892E16-4C29-48F8-A111-CFF35662159C}.Debug|x86.Build.0 = Debug|Win32
		{69892E16-4C29-48F8-A111-CFF35662159C}.Release|x64.ActiveCfg = Release|x64
		{69892E16-4C29-48F8-A111-CFF35662159C}.Release|x64.Build.0 = Release|x64
		{69892E16-4C29-48F8-A111-CFF35662159C}.Release|x86.ActiveCfg = Release|Win32
		{69892E16-4C29-48F8-A111-CFF35662159C}.Release|x86.Build.0 = Release|Win32
		{4E09D3D7-189D-47D6-920E-833E9AE794E8}.Debug|x64.ActiveCfg = Debug|x64
		{4E09D3D7-189D-47D6-920E-833E9AE794E8}.Debug|x64.Build.0 = Debug|x64
		{4E09D3D7-189D-47D6-920E-833E9AE794E8}.Debug|x86.ActiveCfg = Debug|Win32
		{4E09D3D7-189D-47D6-920E-833E9AE794E8}.Debug|x86.Build.0 = Debug|Win32
		{4E09D3D7-189D-47D6-920E-833E9AE794E8}.Release|x64.ActiveCfg = Release|x64
		{4E09D3D7-189D-47D6-920E-833E9AE794E8}.Release|x64.Build.0 = Release|x64
		{4E09D3D7-189D-47D6-920E-833E9AE794E8}.Release|x86.ActiveCfg = Release|Win32
		{4E09D3D7-189D-47D6-920E-833E9AE794E8}.Release|x86.Build.0 = Release|Win32
		{9B7BF292-F0D7-41D9-9BFD-EECD18C0B48B}.Debug|x64.ActiveCfg = Debug|x64
		{9B7BF292-F0D7-41D9-9BFD-EECD18C0B48B}.Debug|x64.Build.0 = Debug|x64
		{9B7BF292-F0D7-41D9-9BFD-EECD18C0B48B}.Debug|x86.ActiveCfg = Debug|Win32
		{9B7BF292-F0D7-41D9-9BFD-EECD18C0B48B}.Debug|x86.Build.0 = Debug|Win32
		{9B7BF292-F0D7-41D9-9BFD-EECD18C0B48B}.Release|x64.ActiveCfg = Release|x64
		{9B7BF292-F0D7-41D9-9BFD-EECD18C0B48B}.Release|x64.Build.0 = Release|x64
		{9B7BF292-F0D7-41D9-9BFD-EECD18C0B48B}.Release|x86.ActiveCfg = Release|Win32
		{9B7BF292-F0D7-41D9-9BFD-EECD18C0B48B}.Release|x86.Build.0 = Release|Win32
		{FA1ECBFE-B257-4B5D-9F80-AEB107AC57BE}.Debug|x64.ActiveCfg = Debug|x64
		{FA1ECBFE-B257-4B5D-9F80-AEB107AC57BE}.Debug|x64.Build.0 = Debug|x64
		{FA1ECBFE-B257-4B5D-9F80-AEB107AC57BE}.Debug|x86.ActiveCfg = Debug|Win32
		{FA1ECBFE-B257-4B5D-9F80-AEB107AC57BE}.Debug|x86.Build.0 = Debug|Win32
		{FA1ECBFE-B257-4B5D-9F80-AEB107AC57BE}.Release|x64.ActiveCfg = Release|x64
		{FA1ECBFE-B257-4B5D-9F80-AEB107AC57BE}.Release|x64.Build.0 = Release|x64
		{FA1ECBFE-B257-4B5D-9F80-AEB107AC57BE}.Release|x86.ActiveCfg = Release|Win32
		{FA1ECBFE-B257-4B5D-9F80-AEB107AC57BE}.Release|x86.Build.0 = Release|Win32
	EndGlobalSection
	GlobalSection(SolutionProperties) = preSolution
		HideSolutionNode = FALSE
	EndGlobalSection
	GlobalSection(ExtensibilityGlobals) = postSolution
		SolutionGuid = {8DD15E54-0160-4179-9CE5-2CEA63BD6CDE}
	EndGlobalSection
	GlobalSection(Performance) = preSolution
		HasPerformanceSessions = true
	EndGlobalSection
	GlobalSection(Performance) = preSolution
		HasPerformanceSessions = true
	EndGlobalSection
	GlobalSection(Performance) = preSolution
		HasPerformanceSessions = true
	EndGlobalSection
	GlobalSection(Performance) = preSolution
		HasPerformanceSessions = true
	EndGlobalSection
EndGlobal
