
Microsoft Visual Studio Solution File, Format Version 12.00
# Visual Studio Version 16
Project("{8BC9CEB8-8B4A-11D0-8D11-00A0C91BC942}") = "ALL_BUILD", "ALL_BUILD.vcxproj", "{BA0284F1-7149-348B-878A-A4C6620CEC0F}"
	ProjectSection(ProjectDependencies) = postProject
		{960697E9-A112-357A-AB53-C14A4583B451} = {960697E9-A112-357A-AB53-C14A4583B451}
		{09131C04-8140-3B4C-838B-EDA9B0126B31} = {09131C04-8140-3B4C-838B-EDA9B0126B31}
		{4C88302A-7F05-393B-BEEC-2052321DEA1A} = {4C88302A-7F05-393B-BEEC-2052321DEA1A}
		{43EB2CE1-6E36-3736-B999-522046544E57} = {43EB2CE1-6E36-3736-B999-522046544E57}
		{6E9E3925-496D-3FFF-842A-5567B68BAB1B} = {6E9E3925-496D-3FFF-842A-5567B68BAB1B}
		{0BFB517D-DA22-3E1F-9918-9F08A9F5162C} = {0BFB517D-DA22-3E1F-9918-9F08A9F5162C}
		{DC60A80D-050C-3BCA-A2B4-A8CEB147400E} = {DC60A80D-050C-3BCA-A2B4-A8CEB147400E}
		{8BDDFE27-BA3D-33B9-A9E2-9972B25BC24C} = {8BDDFE27-BA3D-33B9-A9E2-9972B25BC24C}
		{98791CF4-BB98-3008-AECA-DD1410673ABB} = {98791CF4-BB98-3008-AECA-DD1410673ABB}
		{D35A6DCF-49EB-3841-9D63-970530AB6AD1} = {D35A6DCF-49EB-3841-9D63-970530AB6AD1}
		{35FC0F5B-A232-3420-8CBF-7951781FF104} = {35FC0F5B-A232-3420-8CBF-7951781FF104}
		{59E168B2-571B-3850-8E1C-D18774C67A9F} = {59E168B2-571B-3850-8E1C-D18774C67A9F}
		{68A48E02-2C6E-3D26-80F7-BD8EFA5D5FCE} = {68A48E02-2C6E-3D26-80F7-BD8EFA5D5FCE}
		{492B2E58-56FD-3C7A-BFBE-19474727E376} = {492B2E58-56FD-3C7A-BFBE-19474727E376}
		{D7A8BE26-BE71-3494-8DE2-437DEA4A0AEA} = {D7A8BE26-BE71-3494-8DE2-437DEA4A0AEA}
		{3BED2A8D-4E56-3CFB-9AD4-1D010F59C7E0} = {3BED2A8D-4E56-3CFB-9AD4-1D010F59C7E0}
		{8BB77609-F496-351D-8448-32F6508E1F07} = {8BB77609-F496-351D-8448-32F6508E1F07}
		{6FF8894B-A9AF-3CE5-BAEA-705F23D81937} = {6FF8894B-A9AF-3CE5-BAEA-705F23D81937}
		{74844038-EEF7-3200-9ADE-4B663B31FD23} = {74844038-EEF7-3200-9ADE-4B663B31FD23}
		{ABFA44A4-0A01-3ADC-9D10-7140471931D8} = {ABFA44A4-0A01-3ADC-9D10-7140471931D8}
		{F81A0314-775F-3BBD-BB0E-2627348BFF41} = {F81A0314-775F-3BBD-BB0E-2627348BFF41}
		{985BD3F0-EFEF-3F4A-845D-97A4FF3E2A7D} = {985BD3F0-EFEF-3F4A-845D-97A4FF3E2A7D}
		{4CEF6A67-B640-3290-9086-EE01598C3842} = {4CEF6A67-B640-3290-9086-EE01598C3842}
		{FF5A4180-FEBD-3187-A1E8-668A5B781356} = {FF5A4180-FEBD-3187-A1E8-668A5B781356}
		{8740996F-26A2-34BB-BE1E-893FE5C9D791} = {8740996F-26A2-34BB-BE1E-893FE5C9D791}
		{A0F029EB-E2A1-3DF7-B12F-ADBD04330E68} = {A0F029EB-E2A1-3DF7-B12F-ADBD04330E68}
		{A06FE8EE-5BF5-3939-8FCC-0D3111649679} = {A06FE8EE-5BF5-3939-8FCC-0D3111649679}
		{8E947826-AC77-32C4-8176-300F4C6B0D77} = {8E947826-AC77-32C4-8176-300F4C6B0D77}
		{9080F851-1DC1-3608-8511-067811B09628} = {9080F851-1DC1-3608-8511-067811B09628}
	EndProjectSection
EndProject
Project("{8BC9CEB8-8B4A-11D0-8D11-00A0C91BC942}") = "ZERO_CHECK", "ZERO_CHECK.vcxproj", "{960697E9-A112-357A-AB53-C14A4583B451}"
	ProjectSection(ProjectDependencies) = postProject
	EndProjectSection
EndProject
Project("{8BC9CEB8-8B4A-11D0-8D11-00A0C91BC942}") = "bin_to_tsv", "tests\utils\bin_to_tsv.vcxproj", "{09131C04-8140-3B4C-838B-EDA9B0126B31}"
	ProjectSection(ProjectDependencies) = postProject
		{960697E9-A112-357A-AB53-C14A4583B451} = {960697E9-A112-357A-AB53-C14A4583B451}
	EndProjectSection
EndProject
Project("{8BC9CEB8-8B4A-11D0-8D11-00A0C91BC942}") = "build_disk_index", "tests\build_disk_index.vcxproj", "{4C88302A-7F05-393B-BEEC-2052321DEA1A}"
	ProjectSection(ProjectDependencies) = postProject
		{960697E9-A112-357A-AB53-C14A4583B451} = {960697E9-A112-357A-AB53-C14A4583B451}
		{9997C242-9D9C-3A46-A10B-55158FD2D13B} = {9997C242-9D9C-3A46-A10B-55158FD2D13B}
		{8BDDFE27-BA3D-33B9-A9E2-9972B25BC24C} = {8BDDFE27-BA3D-33B9-A9E2-9972B25BC24C}
	EndProjectSection
EndProject
Project("{8BC9CEB8-8B4A-11D0-8D11-00A0C91BC942}") = "build_libtcmalloc_minimal", "build_libtcmalloc_minimal.vcxproj", "{9997C242-9D9C-3A46-A10B-55158FD2D13B}"
	ProjectSection(ProjectDependencies) = postProject
		{960697E9-A112-357A-AB53-C14A4583B451} = {960697E9-A112-357A-AB53-C14A4583B451}
	EndProjectSection
EndProject
Project("{8BC9CEB8-8B4A-11D0-8D11-00A0C91BC942}") = "build_memory_index", "tests\build_memory_index.vcxproj", "{43EB2CE1-6E36-3736-B999-522046544E57}"
	ProjectSection(ProjectDependencies) = postProject
		{960697E9-A112-357A-AB53-C14A4583B451} = {960697E9-A112-357A-AB53-C14A4583B451}
		{9997C242-9D9C-3A46-A10B-55158FD2D13B} = {9997C242-9D9C-3A46-A10B-55158FD2D13B}
		{8BDDFE27-BA3D-33B9-A9E2-9972B25BC24C} = {8BDDFE27-BA3D-33B9-A9E2-9972B25BC24C}
	EndProjectSection
EndProject
Project("{8BC9CEB8-8B4A-11D0-8D11-00A0C91BC942}") = "calculate_recall", "tests\utils\calculate_recall.vcxproj", "{6E9E3925-496D-3FFF-842A-5567B68BAB1B}"
	ProjectSection(ProjectDependencies) = postProject
		{960697E9-A112-357A-AB53-C14A4583B451} = {960697E9-A112-357A-AB53-C14A4583B451}
		{9997C242-9D9C-3A46-A10B-55158FD2D13B} = {9997C242-9D9C-3A46-A10B-55158FD2D13B}
		{8BDDFE27-BA3D-33B9-A9E2-9972B25BC24C} = {8BDDFE27-BA3D-33B9-A9E2-9972B25BC24C}
	EndProjectSection
EndProject
Project("{8BC9CEB8-8B4A-11D0-8D11-00A0C91BC942}") = "compute_groundtruth", "tests\utils\compute_groundtruth.vcxproj", "{0BFB517D-DA22-3E1F-9918-9F08A9F5162C}"
	ProjectSection(ProjectDependencies) = postProject
		{960697E9-A112-357A-AB53-C14A4583B451} = {960697E9-A112-357A-AB53-C14A4583B451}
		{8BDDFE27-BA3D-33B9-A9E2-9972B25BC24C} = {8BDDFE27-BA3D-33B9-A9E2-9972B25BC24C}
	EndProjectSection
EndProject
Project("{8BC9CEB8-8B4A-11D0-8D11-00A0C91BC942}") = "create_disk_layout", "tests\utils\create_disk_layout.vcxproj", "{DC60A80D-050C-3BCA-A2B4-A8CEB147400E}"
	ProjectSection(ProjectDependencies) = postProject
		{960697E9-A112-357A-AB53-C14A4583B451} = {960697E9-A112-357A-AB53-C14A4583B451}
		{9997C242-9D9C-3A46-A10B-55158FD2D13B} = {9997C242-9D9C-3A46-A10B-55158FD2D13B}
		{8BDDFE27-BA3D-33B9-A9E2-9972B25BC24C} = {8BDDFE27-BA3D-33B9-A9E2-9972B25BC24C}
	EndProjectSection
EndProject
Project("{8BC9CEB8-8B4A-11D0-8D11-00A0C91BC942}") = "diskann", "src\dll\diskann.vcxproj", "{8BDDFE27-BA3D-33B9-A9E2-9972B25BC24C}"
	ProjectSection(ProjectDependencies) = postProject
		{960697E9-A112-357A-AB53-C14A4583B451} = {960697E9-A112-357A-AB53-C14A4583B451}
	EndProjectSection
EndProject
Project("{8BC9CEB8-8B4A-11D0-8D11-00A0C91BC942}") = "diskann_portable", "src\dll\diskann_portable.vcxproj", "{98791CF4-BB98-3008-AECA-DD1410673ABB}"
	ProjectSection(ProjectDependencies) = postProject
		{960697E9-A112-357A-AB53-C14A4583B451} = {960697E9-A112-357A-AB53-C14A4583B451}
	EndProjectSection
EndProject
Project("{8BC9CEB8-8B4A-11D0-8D11-00A0C91BC942}") = "float_bin_to_int8", "tests\utils\float_bin_to_int8.vcxproj", "{D35A6DCF-49EB-3841-9D63-970530AB6AD1}"
	ProjectSection(ProjectDependencies) = postProject
		{960697E9-A112-357A-AB53-C14A4583B451} = {960697E9-A112-357A-AB53-C14A4583B451}
	EndProjectSection
EndProject
Project("{8BC9CEB8-8B4A-11D0-8D11-00A0C91BC942}") = "fvecs_to_bin", "tests\utils\fvecs_to_bin.vcxproj", "{35FC0F5B-A232-3420-8CBF-7951781FF104}"
	ProjectSection(ProjectDependencies) = postProject
		{960697E9-A112-357A-AB53-C14A4583B451} = {960697E9-A112-357A-AB53-C14A4583B451}
	EndProjectSection
EndProject
Project("{8BC9CEB8-8B4A-11D0-8D11-00A0C91BC942}") = "fvecs_to_bvecs", "tests\utils\fvecs_to_bvecs.vcxproj", "{59E168B2-571B-3850-8E1C-D18774C67A9F}"
	ProjectSection(ProjectDependencies) = postProject
		{960697E9-A112-357A-AB53-C14A4583B451} = {960697E9-A112-357A-AB53-C14A4583B451}
	EndProjectSection
EndProject
Project("{8BC9CEB8-8B4A-11D0-8D11-00A0C91BC942}") = "gen_random_slice", "tests\utils\gen_random_slice.vcxproj", "{68A48E02-2C6E-3D26-80F7-BD8EFA5D5FCE}"
	ProjectSection(ProjectDependencies) = postProject
		{960697E9-A112-357A-AB53-C14A4583B451} = {960697E9-A112-357A-AB53-C14A4583B451}
		{9997C242-9D9C-3A46-A10B-55158FD2D13B} = {9997C242-9D9C-3A46-A10B-55158FD2D13B}
		{8BDDFE27-BA3D-33B9-A9E2-9972B25BC24C} = {8BDDFE27-BA3D-33B9-A9E2-9972B25BC24C}
	EndProjectSection
EndProject
Project("{8BC9CEB8-8B4A-11D0-8D11-00A0C91BC942}") = "generate_pq", "tests\utils\generate_pq.vcxproj", "{492B2E58-56FD-3C7A-BFBE-19474727E376}"
	ProjectSection(ProjectDependencies) = postProject
		{960697E9-A112-357A-AB53-C14A4583B451} = {960697E9-A112-357A-AB53-C14A4583B451}
		{9997C242-9D9C-3A46-A10B-55158FD2D13B} = {9997C242-9D9C-3A46-A10B-55158FD2D13B}
		{8BDDFE27-BA3D-33B9-A9E2-9972B25BC24C} = {8BDDFE27-BA3D-33B9-A9E2-9972B25BC24C}
	EndProjectSection
EndProject
Project("{8BC9CEB8-8B4A-11D0-8D11-00A0C91BC942}") = "int8_to_float", "tests\utils\int8_to_float.vcxproj", "{D7A8BE26-BE71-3494-8DE2-437DEA4A0AEA}"
	ProjectSection(ProjectDependencies) = postProject
		{960697E9-A112-357A-AB53-C14A4583B451} = {960697E9-A112-357A-AB53-C14A4583B451}
		{8BDDFE27-BA3D-33B9-A9E2-9972B25BC24C} = {8BDDFE27-BA3D-33B9-A9E2-9972B25BC24C}
	EndProjectSection
EndProject
Project("{8BC9CEB8-8B4A-11D0-8D11-00A0C91BC942}") = "int8_to_float_scale", "tests\utils\int8_to_float_scale.vcxproj", "{3BED2A8D-4E56-3CFB-9AD4-1D010F59C7E0}"
	ProjectSection(ProjectDependencies) = postProject
		{960697E9-A112-357A-AB53-C14A4583B451} = {960697E9-A112-357A-AB53-C14A4583B451}
		{8BDDFE27-BA3D-33B9-A9E2-9972B25BC24C} = {8BDDFE27-BA3D-33B9-A9E2-9972B25BC24C}
	EndProjectSection
EndProject
Project("{8BC9CEB8-8B4A-11D0-8D11-00A0C91BC942}") = "ivecs_to_bin", "tests\utils\ivecs_to_bin.vcxproj", "{8BB77609-F496-351D-8448-32F6508E1F07}"
	ProjectSection(ProjectDependencies) = postProject
		{960697E9-A112-357A-AB53-C14A4583B451} = {960697E9-A112-357A-AB53-C14A4583B451}
	EndProjectSection
EndProject
Project("{8BC9CEB8-8B4A-11D0-8D11-00A0C91BC942}") = "merge_shards", "tests\utils\merge_shards.vcxproj", "{6FF8894B-A9AF-3CE5-BAEA-705F23D81937}"
	ProjectSection(ProjectDependencies) = postProject
		{960697E9-A112-357A-AB53-C14A4583B451} = {960697E9-A112-357A-AB53-C14A4583B451}
		{9997C242-9D9C-3A46-A10B-55158FD2D13B} = {9997C242-9D9C-3A46-A10B-55158FD2D13B}
		{8BDDFE27-BA3D-33B9-A9E2-9972B25BC24C} = {8BDDFE27-BA3D-33B9-A9E2-9972B25BC24C}
	EndProjectSection
EndProject
Project("{8BC9CEB8-8B4A-11D0-8D11-00A0C91BC942}") = "partition_data", "tests\utils\partition_data.vcxproj", "{74844038-EEF7-3200-9ADE-4B663B31FD23}"
	ProjectSection(ProjectDependencies) = postProject
		{960697E9-A112-357A-AB53-C14A4583B451} = {960697E9-A112-357A-AB53-C14A4583B451}
		{9997C242-9D9C-3A46-A10B-55158FD2D13B} = {9997C242-9D9C-3A46-A10B-55158FD2D13B}
		{8BDDFE27-BA3D-33B9-A9E2-9972B25BC24C} = {8BDDFE27-BA3D-33B9-A9E2-9972B25BC24C}
	EndProjectSection
EndProject
Project("{8BC9CEB8-8B4A-11D0-8D11-00A0C91BC942}") = "partition_with_ram_budget", "tests\utils\partition_with_ram_budget.vcxproj", "{ABFA44A4-0A01-3ADC-9D10-7140471931D8}"
	ProjectSection(ProjectDependencies) = postProject
		{960697E9-A112-357A-AB53-C14A4583B451} = {960697E9-A112-357A-AB53-C14A4583B451}
		{9997C242-9D9C-3A46-A10B-55158FD2D13B} = {9997C242-9D9C-3A46-A10B-55158FD2D13B}
		{8BDDFE27-BA3D-33B9-A9E2-9972B25BC24C} = {8BDDFE27-BA3D-33B9-A9E2-9972B25BC24C}
	EndProjectSection
EndProject
Project("{8BC9CEB8-8B4A-11D0-8D11-00A0C91BC942}") = "rand_data_gen", "tests\utils\rand_data_gen.vcxproj", "{F81A0314-775F-3BBD-BB0E-2627348BFF41}"
	ProjectSection(ProjectDependencies) = postProject
		{960697E9-A112-357A-AB53-C14A4583B451} = {960697E9-A112-357A-AB53-C14A4583B451}
		{8BDDFE27-BA3D-33B9-A9E2-9972B25BC24C} = {8BDDFE27-BA3D-33B9-A9E2-9972B25BC24C}
	EndProjectSection
EndProject
Project("{8BC9CEB8-8B4A-11D0-8D11-00A0C91BC942}") = "range_search_disk_index", "tests\range_search_disk_index.vcxproj", "{985BD3F0-EFEF-3F4A-845D-97A4FF3E2A7D}"
	ProjectSection(ProjectDependencies) = postProject
		{960697E9-A112-357A-AB53-C14A4583B451} = {960697E9-A112-357A-AB53-C14A4583B451}
		{9997C242-9D9C-3A46-A10B-55158FD2D13B} = {9997C242-9D9C-3A46-A10B-55158FD2D13B}
		{8BDDFE27-BA3D-33B9-A9E2-9972B25BC24C} = {8BDDFE27-BA3D-33B9-A9E2-9972B25BC24C}
	EndProjectSection
EndProject
Project("{8BC9CEB8-8B4A-11D0-8D11-00A0C91BC942}") = "search_disk_index", "tests\search_disk_index.vcxproj", "{4CEF6A67-B640-3290-9086-EE01598C3842}"
	ProjectSection(ProjectDependencies) = postProject
		{960697E9-A112-357A-AB53-C14A4583B451} = {960697E9-A112-357A-AB53-C14A4583B451}
		{9997C242-9D9C-3A46-A10B-55158FD2D13B} = {9997C242-9D9C-3A46-A10B-55158FD2D13B}
		{8BDDFE27-BA3D-33B9-A9E2-9972B25BC24C} = {8BDDFE27-BA3D-33B9-A9E2-9972B25BC24C}
	EndProjectSection
EndProject
Project("{8BC9CEB8-8B4A-11D0-8D11-00A0C91BC942}") = "search_memory_index", "tests\search_memory_index.vcxproj", "{FF5A4180-FEBD-3187-A1E8-668A5B781356}"
	ProjectSection(ProjectDependencies) = postProject
		{960697E9-A112-357A-AB53-C14A4583B451} = {960697E9-A112-357A-AB53-C14A4583B451}
		{9997C242-9D9C-3A46-A10B-55158FD2D13B} = {9997C242-9D9C-3A46-A10B-55158FD2D13B}
		{8BDDFE27-BA3D-33B9-A9E2-9972B25BC24C} = {8BDDFE27-BA3D-33B9-A9E2-9972B25BC24C}
	EndProjectSection
EndProject
Project("{8BC9CEB8-8B4A-11D0-8D11-00A0C91BC942}") = "simulate_aggregate_recall", "tests\utils\simulate_aggregate_recall.vcxproj", "{8740996F-26A2-34BB-BE1E-893FE5C9D791}"
	ProjectSection(ProjectDependencies) = postProject
		{960697E9-A112-357A-AB53-C14A4583B451} = {960697E9-A112-357A-AB53-C14A4583B451}
	EndProjectSection
EndProject
Project("{8BC9CEB8-8B4A-11D0-8D11-00A0C91BC942}") = "tsv_to_bin", "tests\utils\tsv_to_bin.vcxproj", "{A0F029EB-E2A1-3DF7-B12F-ADBD04330E68}"
	ProjectSection(ProjectDependencies) = postProject
		{960697E9-A112-357A-AB53-C14A4583B451} = {960697E9-A112-357A-AB53-C14A4583B451}
	EndProjectSection
EndProject
Project("{8BC9CEB8-8B4A-11D0-8D11-00A0C91BC942}") = "uint32_to_uint8", "tests\utils\uint32_to_uint8.vcxproj", "{A06FE8EE-5BF5-3939-8FCC-0D3111649679}"
	ProjectSection(ProjectDependencies) = postProject
		{960697E9-A112-357A-AB53-C14A4583B451} = {960697E9-A112-357A-AB53-C14A4583B451}
		{8BDDFE27-BA3D-33B9-A9E2-9972B25BC24C} = {8BDDFE27-BA3D-33B9-A9E2-9972B25BC24C}
	EndProjectSection
EndProject
Project("{8BC9CEB8-8B4A-11D0-8D11-00A0C91BC942}") = "uint8_to_float", "tests\utils\uint8_to_float.vcxproj", "{8E947826-AC77-32C4-8176-300F4C6B0D77}"
	ProjectSection(ProjectDependencies) = postProject
		{960697E9-A112-357A-AB53-C14A4583B451} = {960697E9-A112-357A-AB53-C14A4583B451}
		{8BDDFE27-BA3D-33B9-A9E2-9972B25BC24C} = {8BDDFE27-BA3D-33B9-A9E2-9972B25BC24C}
	EndProjectSection
EndProject
Project("{8BC9CEB8-8B4A-11D0-8D11-00A0C91BC942}") = "vector_analysis", "tests\utils\vector_analysis.vcxproj", "{9080F851-1DC1-3608-8511-067811B09628}"
	ProjectSection(ProjectDependencies) = postProject
		{960697E9-A112-357A-AB53-C14A4583B451} = {960697E9-A112-357A-AB53-C14A4583B451}
		{9997C242-9D9C-3A46-A10B-55158FD2D13B} = {9997C242-9D9C-3A46-A10B-55158FD2D13B}
		{8BDDFE27-BA3D-33B9-A9E2-9972B25BC24C} = {8BDDFE27-BA3D-33B9-A9E2-9972B25BC24C}
	EndProjectSection
EndProject
Global
	GlobalSection(SolutionConfigurationPlatforms) = preSolution
		Debug|x64 = Debug|x64
		Release|x64 = Release|x64
		MinSizeRel|x64 = MinSizeRel|x64
		RelWithDebInfo|x64 = RelWithDebInfo|x64
	EndGlobalSection
	GlobalSection(ProjectConfigurationPlatforms) = postSolution
		{BA0284F1-7149-348B-878A-A4C6620CEC0F}.Debug|x64.ActiveCfg = Debug|x64
		{BA0284F1-7149-348B-878A-A4C6620CEC0F}.Release|x64.ActiveCfg = Release|x64
		{BA0284F1-7149-348B-878A-A4C6620CEC0F}.MinSizeRel|x64.ActiveCfg = MinSizeRel|x64
		{BA0284F1-7149-348B-878A-A4C6620CEC0F}.RelWithDebInfo|x64.ActiveCfg = RelWithDebInfo|x64
		{960697E9-A112-357A-AB53-C14A4583B451}.Debug|x64.ActiveCfg = Debug|x64
		{960697E9-A112-357A-AB53-C14A4583B451}.Debug|x64.Build.0 = Debug|x64
		{960697E9-A112-357A-AB53-C14A4583B451}.Release|x64.ActiveCfg = Release|x64
		{960697E9-A112-357A-AB53-C14A4583B451}.Release|x64.Build.0 = Release|x64
		{960697E9-A112-357A-AB53-C14A4583B451}.MinSizeRel|x64.ActiveCfg = MinSizeRel|x64
		{960697E9-A112-357A-AB53-C14A4583B451}.MinSizeRel|x64.Build.0 = MinSizeRel|x64
		{960697E9-A112-357A-AB53-C14A4583B451}.RelWithDebInfo|x64.ActiveCfg = RelWithDebInfo|x64
		{960697E9-A112-357A-AB53-C14A4583B451}.RelWithDebInfo|x64.Build.0 = RelWithDebInfo|x64
		{09131C04-8140-3B4C-838B-EDA9B0126B31}.Debug|x64.ActiveCfg = Debug|x64
		{09131C04-8140-3B4C-838B-EDA9B0126B31}.Debug|x64.Build.0 = Debug|x64
		{09131C04-8140-3B4C-838B-EDA9B0126B31}.Release|x64.ActiveCfg = Release|x64
		{09131C04-8140-3B4C-838B-EDA9B0126B31}.Release|x64.Build.0 = Release|x64
		{09131C04-8140-3B4C-838B-EDA9B0126B31}.MinSizeRel|x64.ActiveCfg = MinSizeRel|x64
		{09131C04-8140-3B4C-838B-EDA9B0126B31}.MinSizeRel|x64.Build.0 = MinSizeRel|x64
		{09131C04-8140-3B4C-838B-EDA9B0126B31}.RelWithDebInfo|x64.ActiveCfg = RelWithDebInfo|x64
		{09131C04-8140-3B4C-838B-EDA9B0126B31}.RelWithDebInfo|x64.Build.0 = RelWithDebInfo|x64
		{4C88302A-7F05-393B-BEEC-2052321DEA1A}.Debug|x64.ActiveCfg = Debug|x64
		{4C88302A-7F05-393B-BEEC-2052321DEA1A}.Debug|x64.Build.0 = Debug|x64
		{4C88302A-7F05-393B-BEEC-2052321DEA1A}.Release|x64.ActiveCfg = Release|x64
		{4C88302A-7F05-393B-BEEC-2052321DEA1A}.Release|x64.Build.0 = Release|x64
		{4C88302A-7F05-393B-BEEC-2052321DEA1A}.MinSizeRel|x64.ActiveCfg = MinSizeRel|x64
		{4C88302A-7F05-393B-BEEC-2052321DEA1A}.MinSizeRel|x64.Build.0 = MinSizeRel|x64
		{4C88302A-7F05-393B-BEEC-2052321DEA1A}.RelWithDebInfo|x64.ActiveCfg = RelWithDebInfo|x64
		{4C88302A-7F05-393B-BEEC-2052321DEA1A}.RelWithDebInfo|x64.Build.0 = RelWithDebInfo|x64
		{9997C242-9D9C-3A46-A10B-55158FD2D13B}.Debug|x64.ActiveCfg = Debug|x64
		{9997C242-9D9C-3A46-A10B-55158FD2D13B}.Debug|x64.Build.0 = Debug|x64
		{9997C242-9D9C-3A46-A10B-55158FD2D13B}.Release|x64.ActiveCfg = Release|x64
		{9997C242-9D9C-3A46-A10B-55158FD2D13B}.Release|x64.Build.0 = Release|x64
		{9997C242-9D9C-3A46-A10B-55158FD2D13B}.MinSizeRel|x64.ActiveCfg = MinSizeRel|x64
		{9997C242-9D9C-3A46-A10B-55158FD2D13B}.MinSizeRel|x64.Build.0 = MinSizeRel|x64
		{9997C242-9D9C-3A46-A10B-55158FD2D13B}.RelWithDebInfo|x64.ActiveCfg = RelWithDebInfo|x64
		{9997C242-9D9C-3A46-A10B-55158FD2D13B}.RelWithDebInfo|x64.Build.0 = RelWithDebInfo|x64
		{43EB2CE1-6E36-3736-B999-522046544E57}.Debug|x64.ActiveCfg = Debug|x64
		{43EB2CE1-6E36-3736-B999-522046544E57}.Debug|x64.Build.0 = Debug|x64
		{43EB2CE1-6E36-3736-B999-522046544E57}.Release|x64.ActiveCfg = Release|x64
		{43EB2CE1-6E36-3736-B999-522046544E57}.Release|x64.Build.0 = Release|x64
		{43EB2CE1-6E36-3736-B999-522046544E57}.MinSizeRel|x64.ActiveCfg = MinSizeRel|x64
		{43EB2CE1-6E36-3736-B999-522046544E57}.MinSizeRel|x64.Build.0 = MinSizeRel|x64
		{43EB2CE1-6E36-3736-B999-522046544E57}.RelWithDebInfo|x64.ActiveCfg = RelWithDebInfo|x64
		{43EB2CE1-6E36-3736-B999-522046544E57}.RelWithDebInfo|x64.Build.0 = RelWithDebInfo|x64
		{6E9E3925-496D-3FFF-842A-5567B68BAB1B}.Debug|x64.ActiveCfg = Debug|x64
		{6E9E3925-496D-3FFF-842A-5567B68BAB1B}.Debug|x64.Build.0 = Debug|x64
		{6E9E3925-496D-3FFF-842A-5567B68BAB1B}.Release|x64.ActiveCfg = Release|x64
		{6E9E3925-496D-3FFF-842A-5567B68BAB1B}.Release|x64.Build.0 = Release|x64
		{6E9E3925-496D-3FFF-842A-5567B68BAB1B}.MinSizeRel|x64.ActiveCfg = MinSizeRel|x64
		{6E9E3925-496D-3FFF-842A-5567B68BAB1B}.MinSizeRel|x64.Build.0 = MinSizeRel|x64
		{6E9E3925-496D-3FFF-842A-5567B68BAB1B}.RelWithDebInfo|x64.ActiveCfg = RelWithDebInfo|x64
		{6E9E3925-496D-3FFF-842A-5567B68BAB1B}.RelWithDebInfo|x64.Build.0 = RelWithDebInfo|x64
		{0BFB517D-DA22-3E1F-9918-9F08A9F5162C}.Debug|x64.ActiveCfg = Debug|x64
		{0BFB517D-DA22-3E1F-9918-9F08A9F5162C}.Debug|x64.Build.0 = Debug|x64
		{0BFB517D-DA22-3E1F-9918-9F08A9F5162C}.Release|x64.ActiveCfg = Release|x64
		{0BFB517D-DA22-3E1F-9918-9F08A9F5162C}.Release|x64.Build.0 = Release|x64
		{0BFB517D-DA22-3E1F-9918-9F08A9F5162C}.MinSizeRel|x64.ActiveCfg = MinSizeRel|x64
		{0BFB517D-DA22-3E1F-9918-9F08A9F5162C}.MinSizeRel|x64.Build.0 = MinSizeRel|x64
		{0BFB517D-DA22-3E1F-9918-9F08A9F5162C}.RelWithDebInfo|x64.ActiveCfg = RelWithDebInfo|x64
		{0BFB517D-DA22-3E1F-9918-9F08A9F5162C}.RelWithDebInfo|x64.Build.0 = RelWithDebInfo|x64
		{DC60A80D-050C-3BCA-A2B4-A8CEB147400E}.Debug|x64.ActiveCfg = Debug|x64
		{DC60A80D-050C-3BCA-A2B4-A8CEB147400E}.Debug|x64.Build.0 = Debug|x64
		{DC60A80D-050C-3BCA-A2B4-A8CEB147400E}.Release|x64.ActiveCfg = Release|x64
		{DC60A80D-050C-3BCA-A2B4-A8CEB147400E}.Release|x64.Build.0 = Release|x64
		{DC60A80D-050C-3BCA-A2B4-A8CEB147400E}.MinSizeRel|x64.ActiveCfg = MinSizeRel|x64
		{DC60A80D-050C-3BCA-A2B4-A8CEB147400E}.MinSizeRel|x64.Build.0 = MinSizeRel|x64
		{DC60A80D-050C-3BCA-A2B4-A8CEB147400E}.RelWithDebInfo|x64.ActiveCfg = RelWithDebInfo|x64
		{DC60A80D-050C-3BCA-A2B4-A8CEB147400E}.RelWithDebInfo|x64.Build.0 = RelWithDebInfo|x64
		{8BDDFE27-BA3D-33B9-A9E2-9972B25BC24C}.Debug|x64.ActiveCfg = Debug|x64
		{8BDDFE27-BA3D-33B9-A9E2-9972B25BC24C}.Debug|x64.Build.0 = Debug|x64
		{8BDDFE27-BA3D-33B9-A9E2-9972B25BC24C}.Release|x64.ActiveCfg = Release|x64
		{8BDDFE27-BA3D-33B9-A9E2-9972B25BC24C}.Release|x64.Build.0 = Release|x64
		{8BDDFE27-BA3D-33B9-A9E2-9972B25BC24C}.MinSizeRel|x64.ActiveCfg = MinSizeRel|x64
		{8BDDFE27-BA3D-33B9-A9E2-9972B25BC24C}.MinSizeRel|x64.Build.0 = MinSizeRel|x64
		{8BDDFE27-BA3D-33B9-A9E2-9972B25BC24C}.RelWithDebInfo|x64.ActiveCfg = RelWithDebInfo|x64
		{8BDDFE27-BA3D-33B9-A9E2-9972B25BC24C}.RelWithDebInfo|x64.Build.0 = RelWithDebInfo|x64
		{98791CF4-BB98-3008-AECA-DD1410673ABB}.Debug|x64.ActiveCfg = Debug|x64
		{98791CF4-BB98-3008-AECA-DD1410673ABB}.Debug|x64.Build.0 = Debug|x64
		{98791CF4-BB98-3008-AECA-DD1410673ABB}.Release|x64.ActiveCfg = Release|x64
		{98791CF4-BB98-3008-AECA-DD1410673ABB}.Release|x64.Build.0 = Release|x64
		{98791CF4-BB98-3008-AECA-DD1410673ABB}.MinSizeRel|x64.ActiveCfg = MinSizeRel|x64
		{98791CF4-BB98-3008-AECA-DD1410673ABB}.MinSizeRel|x64.Build.0 = MinSizeRel|x64
		{98791CF4-BB98-3008-AECA-DD1410673ABB}.RelWithDebInfo|x64.ActiveCfg = RelWithDebInfo|x64
		{98791CF4-BB98-3008-AECA-DD1410673ABB}.RelWithDebInfo|x64.Build.0 = RelWithDebInfo|x64
		{D35A6DCF-49EB-3841-9D63-970530AB6AD1}.Debug|x64.ActiveCfg = Debug|x64
		{D35A6DCF-49EB-3841-9D63-970530AB6AD1}.Debug|x64.Build.0 = Debug|x64
		{D35A6DCF-49EB-3841-9D63-970530AB6AD1}.Release|x64.ActiveCfg = Release|x64
		{D35A6DCF-49EB-3841-9D63-970530AB6AD1}.Release|x64.Build.0 = Release|x64
		{D35A6DCF-49EB-3841-9D63-970530AB6AD1}.MinSizeRel|x64.ActiveCfg = MinSizeRel|x64
		{D35A6DCF-49EB-3841-9D63-970530AB6AD1}.MinSizeRel|x64.Build.0 = MinSizeRel|x64
		{D35A6DCF-49EB-3841-9D63-970530AB6AD1}.RelWithDebInfo|x64.ActiveCfg = RelWithDebInfo|x64
		{D35A6DCF-49EB-3841-9D63-970530AB6AD1}.RelWithDebInfo|x64.Build.0 = RelWithDebInfo|x64
		{35FC0F5B-A232-3420-8CBF-7951781FF104}.Debug|x64.ActiveCfg = Debug|x64
		{35FC0F5B-A232-3420-8CBF-7951781FF104}.Debug|x64.Build.0 = Debug|x64
		{35FC0F5B-A232-3420-8CBF-7951781FF104}.Release|x64.ActiveCfg = Release|x64
		{35FC0F5B-A232-3420-8CBF-7951781FF104}.Release|x64.Build.0 = Release|x64
		{35FC0F5B-A232-3420-8CBF-7951781FF104}.MinSizeRel|x64.ActiveCfg = MinSizeRel|x64
		{35FC0F5B-A232-3420-8CBF-7951781FF104}.MinSizeRel|x64.Build.0 = MinSizeRel|x64
		{35FC0F5B-A232-3420-8CBF-7951781FF104}.RelWithDebInfo|x64.ActiveCfg = RelWithDebInfo|x64
		{35FC0F5B-A232-3420-8CBF-7951781FF104}.RelWithDebInfo|x64.Build.0 = RelWithDebInfo|x64
		{59E168B2-571B-3850-8E1C-D18774C67A9F}.Debug|x64.ActiveCfg = Debug|x64
		{59E168B2-571B-3850-8E1C-D18774C67A9F}.Debug|x64.Build.0 = Debug|x64
		{59E168B2-571B-3850-8E1C-D18774C67A9F}.Release|x64.ActiveCfg = Release|x64
		{59E168B2-571B-3850-8E1C-D18774C67A9F}.Release|x64.Build.0 = Release|x64
		{59E168B2-571B-3850-8E1C-D18774C67A9F}.MinSizeRel|x64.ActiveCfg = MinSizeRel|x64
		{59E168B2-571B-3850-8E1C-D18774C67A9F}.MinSizeRel|x64.Build.0 = MinSizeRel|x64
		{59E168B2-571B-3850-8E1C-D18774C67A9F}.RelWithDebInfo|x64.ActiveCfg = RelWithDebInfo|x64
		{59E168B2-571B-3850-8E1C-D18774C67A9F}.RelWithDebInfo|x64.Build.0 = RelWithDebInfo|x64
		{68A48E02-2C6E-3D26-80F7-BD8EFA5D5FCE}.Debug|x64.ActiveCfg = Debug|x64
		{68A48E02-2C6E-3D26-80F7-BD8EFA5D5FCE}.Debug|x64.Build.0 = Debug|x64
		{68A48E02-2C6E-3D26-80F7-BD8EFA5D5FCE}.Release|x64.ActiveCfg = Release|x64
		{68A48E02-2C6E-3D26-80F7-BD8EFA5D5FCE}.Release|x64.Build.0 = Release|x64
		{68A48E02-2C6E-3D26-80F7-BD8EFA5D5FCE}.MinSizeRel|x64.ActiveCfg = MinSizeRel|x64
		{68A48E02-2C6E-3D26-80F7-BD8EFA5D5FCE}.MinSizeRel|x64.Build.0 = MinSizeRel|x64
		{68A48E02-2C6E-3D26-80F7-BD8EFA5D5FCE}.RelWithDebInfo|x64.ActiveCfg = RelWithDebInfo|x64
		{68A48E02-2C6E-3D26-80F7-BD8EFA5D5FCE}.RelWithDebInfo|x64.Build.0 = RelWithDebInfo|x64
		{492B2E58-56FD-3C7A-BFBE-19474727E376}.Debug|x64.ActiveCfg = Debug|x64
		{492B2E58-56FD-3C7A-BFBE-19474727E376}.Debug|x64.Build.0 = Debug|x64
		{492B2E58-56FD-3C7A-BFBE-19474727E376}.Release|x64.ActiveCfg = Release|x64
		{492B2E58-56FD-3C7A-BFBE-19474727E376}.Release|x64.Build.0 = Release|x64
		{492B2E58-56FD-3C7A-BFBE-19474727E376}.MinSizeRel|x64.ActiveCfg = MinSizeRel|x64
		{492B2E58-56FD-3C7A-BFBE-19474727E376}.MinSizeRel|x64.Build.0 = MinSizeRel|x64
		{492B2E58-56FD-3C7A-BFBE-19474727E376}.RelWithDebInfo|x64.ActiveCfg = RelWithDebInfo|x64
		{492B2E58-56FD-3C7A-BFBE-19474727E376}.RelWithDebInfo|x64.Build.0 = RelWithDebInfo|x64
		{D7A8BE26-BE71-3494-8DE2-437DEA4A0AEA}.Debug|x64.ActiveCfg = Debug|x64
		{D7A8BE26-BE71-3494-8DE2-437DEA4A0AEA}.Debug|x64.Build.0 = Debug|x64
		{D7A8BE26-BE71-3494-8DE2-437DEA4A0AEA}.Release|x64.ActiveCfg = Release|x64
		{D7A8BE26-BE71-3494-8DE2-437DEA4A0AEA}.Release|x64.Build.0 = Release|x64
		{D7A8BE26-BE71-3494-8DE2-437DEA4A0AEA}.MinSizeRel|x64.ActiveCfg = MinSizeRel|x64
		{D7A8BE26-BE71-3494-8DE2-437DEA4A0AEA}.MinSizeRel|x64.Build.0 = MinSizeRel|x64
		{D7A8BE26-BE71-3494-8DE2-437DEA4A0AEA}.RelWithDebInfo|x64.ActiveCfg = RelWithDebInfo|x64
		{D7A8BE26-BE71-3494-8DE2-437DEA4A0AEA}.RelWithDebInfo|x64.Build.0 = RelWithDebInfo|x64
		{3BED2A8D-4E56-3CFB-9AD4-1D010F59C7E0}.Debug|x64.ActiveCfg = Debug|x64
		{3BED2A8D-4E56-3CFB-9AD4-1D010F59C7E0}.Debug|x64.Build.0 = Debug|x64
		{3BED2A8D-4E56-3CFB-9AD4-1D010F59C7E0}.Release|x64.ActiveCfg = Release|x64
		{3BED2A8D-4E56-3CFB-9AD4-1D010F59C7E0}.Release|x64.Build.0 = Release|x64
		{3BED2A8D-4E56-3CFB-9AD4-1D010F59C7E0}.MinSizeRel|x64.ActiveCfg = MinSizeRel|x64
		{3BED2A8D-4E56-3CFB-9AD4-1D010F59C7E0}.MinSizeRel|x64.Build.0 = MinSizeRel|x64
		{3BED2A8D-4E56-3CFB-9AD4-1D010F59C7E0}.RelWithDebInfo|x64.ActiveCfg = RelWithDebInfo|x64
		{3BED2A8D-4E56-3CFB-9AD4-1D010F59C7E0}.RelWithDebInfo|x64.Build.0 = RelWithDebInfo|x64
		{8BB77609-F496-351D-8448-32F6508E1F07}.Debug|x64.ActiveCfg = Debug|x64
		{8BB77609-F496-351D-8448-32F6508E1F07}.Debug|x64.Build.0 = Debug|x64
		{8BB77609-F496-351D-8448-32F6508E1F07}.Release|x64.ActiveCfg = Release|x64
		{8BB77609-F496-351D-8448-32F6508E1F07}.Release|x64.Build.0 = Release|x64
		{8BB77609-F496-351D-8448-32F6508E1F07}.MinSizeRel|x64.ActiveCfg = MinSizeRel|x64
		{8BB77609-F496-351D-8448-32F6508E1F07}.MinSizeRel|x64.Build.0 = MinSizeRel|x64
		{8BB77609-F496-351D-8448-32F6508E1F07}.RelWithDebInfo|x64.ActiveCfg = RelWithDebInfo|x64
		{8BB77609-F496-351D-8448-32F6508E1F07}.RelWithDebInfo|x64.Build.0 = RelWithDebInfo|x64
		{6FF8894B-A9AF-3CE5-BAEA-705F23D81937}.Debug|x64.ActiveCfg = Debug|x64
		{6FF8894B-A9AF-3CE5-BAEA-705F23D81937}.Debug|x64.Build.0 = Debug|x64
		{6FF8894B-A9AF-3CE5-BAEA-705F23D81937}.Release|x64.ActiveCfg = Release|x64
		{6FF8894B-A9AF-3CE5-BAEA-705F23D81937}.Release|x64.Build.0 = Release|x64
		{6FF8894B-A9AF-3CE5-BAEA-705F23D81937}.MinSizeRel|x64.ActiveCfg = MinSizeRel|x64
		{6FF8894B-A9AF-3CE5-BAEA-705F23D81937}.MinSizeRel|x64.Build.0 = MinSizeRel|x64
		{6FF8894B-A9AF-3CE5-BAEA-705F23D81937}.RelWithDebInfo|x64.ActiveCfg = RelWithDebInfo|x64
		{6FF8894B-A9AF-3CE5-BAEA-705F23D81937}.RelWithDebInfo|x64.Build.0 = RelWithDebInfo|x64
		{74844038-EEF7-3200-9ADE-4B663B31FD23}.Debug|x64.ActiveCfg = Debug|x64
		{74844038-EEF7-3200-9ADE-4B663B31FD23}.Debug|x64.Build.0 = Debug|x64
		{74844038-EEF7-3200-9ADE-4B663B31FD23}.Release|x64.ActiveCfg = Release|x64
		{74844038-EEF7-3200-9ADE-4B663B31FD23}.Release|x64.Build.0 = Release|x64
		{74844038-EEF7-3200-9ADE-4B663B31FD23}.MinSizeRel|x64.ActiveCfg = MinSizeRel|x64
		{74844038-EEF7-3200-9ADE-4B663B31FD23}.MinSizeRel|x64.Build.0 = MinSizeRel|x64
		{74844038-EEF7-3200-9ADE-4B663B31FD23}.RelWithDebInfo|x64.ActiveCfg = RelWithDebInfo|x64
		{74844038-EEF7-3200-9ADE-4B663B31FD23}.RelWithDebInfo|x64.Build.0 = RelWithDebInfo|x64
		{ABFA44A4-0A01-3ADC-9D10-7140471931D8}.Debug|x64.ActiveCfg = Debug|x64
		{ABFA44A4-0A01-3ADC-9D10-7140471931D8}.Debug|x64.Build.0 = Debug|x64
		{ABFA44A4-0A01-3ADC-9D10-7140471931D8}.Release|x64.ActiveCfg = Release|x64
		{ABFA44A4-0A01-3ADC-9D10-7140471931D8}.Release|x64.Build.0 = Release|x64
		{ABFA44A4-0A01-3ADC-9D10-7140471931D8}.MinSizeRel|x64.ActiveCfg = MinSizeRel|x64
		{ABFA44A4-0A01-3ADC-9D10-7140471931D8}.MinSizeRel|x64.Build.0 = MinSizeRel|x64
		{ABFA44A4-0A01-3ADC-9D10-7140471931D8}.RelWithDebInfo|x64.ActiveCfg = RelWithDebInfo|x64
		{ABFA44A4-0A01-3ADC-9D10-7140471931D8}.RelWithDebInfo|x64.Build.0 = RelWithDebInfo|x64
		{F81A0314-775F-3BBD-BB0E-2627348BFF41}.Debug|x64.ActiveCfg = Debug|x64
		{F81A0314-775F-3BBD-BB0E-2627348BFF41}.Debug|x64.Build.0 = Debug|x64
		{F81A0314-775F-3BBD-BB0E-2627348BFF41}.Release|x64.ActiveCfg = Release|x64
		{F81A0314-775F-3BBD-BB0E-2627348BFF41}.Release|x64.Build.0 = Release|x64
		{F81A0314-775F-3BBD-BB0E-2627348BFF41}.MinSizeRel|x64.ActiveCfg = MinSizeRel|x64
		{F81A0314-775F-3BBD-BB0E-2627348BFF41}.MinSizeRel|x64.Build.0 = MinSizeRel|x64
		{F81A0314-775F-3BBD-BB0E-2627348BFF41}.RelWithDebInfo|x64.ActiveCfg = RelWithDebInfo|x64
		{F81A0314-775F-3BBD-BB0E-2627348BFF41}.RelWithDebInfo|x64.Build.0 = RelWithDebInfo|x64
		{985BD3F0-EFEF-3F4A-845D-97A4FF3E2A7D}.Debug|x64.ActiveCfg = Debug|x64
		{985BD3F0-EFEF-3F4A-845D-97A4FF3E2A7D}.Debug|x64.Build.0 = Debug|x64
		{985BD3F0-EFEF-3F4A-845D-97A4FF3E2A7D}.Release|x64.ActiveCfg = Release|x64
		{985BD3F0-EFEF-3F4A-845D-97A4FF3E2A7D}.Release|x64.Build.0 = Release|x64
		{985BD3F0-EFEF-3F4A-845D-97A4FF3E2A7D}.MinSizeRel|x64.ActiveCfg = MinSizeRel|x64
		{985BD3F0-EFEF-3F4A-845D-97A4FF3E2A7D}.MinSizeRel|x64.Build.0 = MinSizeRel|x64
		{985BD3F0-EFEF-3F4A-845D-97A4FF3E2A7D}.RelWithDebInfo|x64.ActiveCfg = RelWithDebInfo|x64
		{985BD3F0-EFEF-3F4A-845D-97A4FF3E2A7D}.RelWithDebInfo|x64.Build.0 = RelWithDebInfo|x64
		{4CEF6A67-B640-3290-9086-EE01598C3842}.Debug|x64.ActiveCfg = Debug|x64
		{4CEF6A67-B640-3290-9086-EE01598C3842}.Debug|x64.Build.0 = Debug|x64
		{4CEF6A67-B640-3290-9086-EE01598C3842}.Release|x64.ActiveCfg = Release|x64
		{4CEF6A67-B640-3290-9086-EE01598C3842}.Release|x64.Build.0 = Release|x64
		{4CEF6A67-B640-3290-9086-EE01598C3842}.MinSizeRel|x64.ActiveCfg = MinSizeRel|x64
		{4CEF6A67-B640-3290-9086-EE01598C3842}.MinSizeRel|x64.Build.0 = MinSizeRel|x64
		{4CEF6A67-B640-3290-9086-EE01598C3842}.RelWithDebInfo|x64.ActiveCfg = RelWithDebInfo|x64
		{4CEF6A67-B640-3290-9086-EE01598C3842}.RelWithDebInfo|x64.Build.0 = RelWithDebInfo|x64
		{FF5A4180-FEBD-3187-A1E8-668A5B781356}.Debug|x64.ActiveCfg = Debug|x64
		{FF5A4180-FEBD-3187-A1E8-668A5B781356}.Debug|x64.Build.0 = Debug|x64
		{FF5A4180-FEBD-3187-A1E8-668A5B781356}.Release|x64.ActiveCfg = Release|x64
		{FF5A4180-FEBD-3187-A1E8-668A5B781356}.Release|x64.Build.0 = Release|x64
		{FF5A4180-FEBD-3187-A1E8-668A5B781356}.MinSizeRel|x64.ActiveCfg = MinSizeRel|x64
		{FF5A4180-FEBD-3187-A1E8-668A5B781356}.MinSizeRel|x64.Build.0 = MinSizeRel|x64
		{FF5A4180-FEBD-3187-A1E8-668A5B781356}.RelWithDebInfo|x64.ActiveCfg = RelWithDebInfo|x64
		{FF5A4180-FEBD-3187-A1E8-668A5B781356}.RelWithDebInfo|x64.Build.0 = RelWithDebInfo|x64
		{8740996F-26A2-34BB-BE1E-893FE5C9D791}.Debug|x64.ActiveCfg = Debug|x64
		{8740996F-26A2-34BB-BE1E-893FE5C9D791}.Debug|x64.Build.0 = Debug|x64
		{8740996F-26A2-34BB-BE1E-893FE5C9D791}.Release|x64.ActiveCfg = Release|x64
		{8740996F-26A2-34BB-BE1E-893FE5C9D791}.Release|x64.Build.0 = Release|x64
		{8740996F-26A2-34BB-BE1E-893FE5C9D791}.MinSizeRel|x64.ActiveCfg = MinSizeRel|x64
		{8740996F-26A2-34BB-BE1E-893FE5C9D791}.MinSizeRel|x64.Build.0 = MinSizeRel|x64
		{8740996F-26A2-34BB-BE1E-893FE5C9D791}.RelWithDebInfo|x64.ActiveCfg = RelWithDebInfo|x64
		{8740996F-26A2-34BB-BE1E-893FE5C9D791}.RelWithDebInfo|x64.Build.0 = RelWithDebInfo|x64
		{A0F029EB-E2A1-3DF7-B12F-ADBD04330E68}.Debug|x64.ActiveCfg = Debug|x64
		{A0F029EB-E2A1-3DF7-B12F-ADBD04330E68}.Debug|x64.Build.0 = Debug|x64
		{A0F029EB-E2A1-3DF7-B12F-ADBD04330E68}.Release|x64.ActiveCfg = Release|x64
		{A0F029EB-E2A1-3DF7-B12F-ADBD04330E68}.Release|x64.Build.0 = Release|x64
		{A0F029EB-E2A1-3DF7-B12F-ADBD04330E68}.MinSizeRel|x64.ActiveCfg = MinSizeRel|x64
		{A0F029EB-E2A1-3DF7-B12F-ADBD04330E68}.MinSizeRel|x64.Build.0 = MinSizeRel|x64
		{A0F029EB-E2A1-3DF7-B12F-ADBD04330E68}.RelWithDebInfo|x64.ActiveCfg = RelWithDebInfo|x64
		{A0F029EB-E2A1-3DF7-B12F-ADBD04330E68}.RelWithDebInfo|x64.Build.0 = RelWithDebInfo|x64
		{A06FE8EE-5BF5-3939-8FCC-0D3111649679}.Debug|x64.ActiveCfg = Debug|x64
		{A06FE8EE-5BF5-3939-8FCC-0D3111649679}.Debug|x64.Build.0 = Debug|x64
		{A06FE8EE-5BF5-3939-8FCC-0D3111649679}.Release|x64.ActiveCfg = Release|x64
		{A06FE8EE-5BF5-3939-8FCC-0D3111649679}.Release|x64.Build.0 = Release|x64
		{A06FE8EE-5BF5-3939-8FCC-0D3111649679}.MinSizeRel|x64.ActiveCfg = MinSizeRel|x64
		{A06FE8EE-5BF5-3939-8FCC-0D3111649679}.MinSizeRel|x64.Build.0 = MinSizeRel|x64
		{A06FE8EE-5BF5-3939-8FCC-0D3111649679}.RelWithDebInfo|x64.ActiveCfg = RelWithDebInfo|x64
		{A06FE8EE-5BF5-3939-8FCC-0D3111649679}.RelWithDebInfo|x64.Build.0 = RelWithDebInfo|x64
		{8E947826-AC77-32C4-8176-300F4C6B0D77}.Debug|x64.ActiveCfg = Debug|x64
		{8E947826-AC77-32C4-8176-300F4C6B0D77}.Debug|x64.Build.0 = Debug|x64
		{8E947826-AC77-32C4-8176-300F4C6B0D77}.Release|x64.ActiveCfg = Release|x64
		{8E947826-AC77-32C4-8176-300F4C6B0D77}.Release|x64.Build.0 = Release|x64
		{8E947826-AC77-32C4-8176-300F4C6B0D77}.MinSizeRel|x64.ActiveCfg = MinSizeRel|x64
		{8E947826-AC77-32C4-8176-300F4C6B0D77}.MinSizeRel|x64.Build.0 = MinSizeRel|x64
		{8E947826-AC77-32C4-8176-300F4C6B0D77}.RelWithDebInfo|x64.ActiveCfg = RelWithDebInfo|x64
		{8E947826-AC77-32C4-8176-300F4C6B0D77}.RelWithDebInfo|x64.Build.0 = RelWithDebInfo|x64
		{9080F851-1DC1-3608-8511-067811B09628}.Debug|x64.ActiveCfg = Debug|x64
		{9080F851-1DC1-3608-8511-067811B09628}.Debug|x64.Build.0 = Debug|x64
		{9080F851-1DC1-3608-8511-067811B09628}.Release|x64.ActiveCfg = Release|x64
		{9080F851-1DC1-3608-8511-067811B09628}.Release|x64.Build.0 = Release|x64
		{9080F851-1DC1-3608-8511-067811B09628}.MinSizeRel|x64.ActiveCfg = MinSizeRel|x64
		{9080F851-1DC1-3608-8511-067811B09628}.MinSizeRel|x64.Build.0 = MinSizeRel|x64
		{9080F851-1DC1-3608-8511-067811B09628}.RelWithDebInfo|x64.ActiveCfg = RelWithDebInfo|x64
		{9080F851-1DC1-3608-8511-067811B09628}.RelWithDebInfo|x64.Build.0 = RelWithDebInfo|x64
	EndGlobalSection
	GlobalSection(ExtensibilityGlobals) = postSolution
		SolutionGuid = {152B1B7B-A736-377C-83FC-67701C6D6A10}
	EndGlobalSection
	GlobalSection(ExtensibilityAddIns) = postSolution
	EndGlobalSection
EndGlobal
